
Microsoft Visual Studio Solution File, Format Version 12.00
Project("{8BC9CEB8-8B4A-11D0-8D11-00A0C91BC942}") = "Core", "Core\Core.vcxproj", "{50C49177-675E-41EA-82A9-2BEF177F7B10}"
EndProject
Project("{8BC9CEB8-8B4A-11D0-8D11-00A0C91BC942}") = "GameEngine", "GameEngine\GameEngine.vcxproj", "{F1313256-5FC4-4935-AC80-FE9358D9140F}"
EndProject
Global
	GlobalSection(SolutionConfigurationPlatforms) = preSolution
		Debug|Win32 = Debug|Win32
		Debug|x64 = Debug|x64
		Release|Win32 = Release|Win32
		Release|x64 = Release|x64
	EndGlobalSection
	GlobalSection(ProjectConfigurationPlatforms) = postSolution
		{50C49177-675E-41EA-82A9-2BEF177F7B10}.Debug|Win32.ActiveCfg = Debug|Win32
		{50C49177-675E-41EA-82A9-2BEF177F7B10}.Debug|Win32.Build.0 = Debug|Win32
		{50C49177-675E-41EA-82A9-2BEF177F7B10}.Debug|x64.ActiveCfg = Debug|x64
		{50C49177-675E-41EA-82A9-2BEF177F7B10}.Debug|x64.Build.0 = Debug|x64
		{50C49177-675E-41EA-82A9-2BEF177F7B10}.Release|Win32.ActiveCfg = Release|Win32
		{50C49177-675E-41EA-82A9-2BEF177F7B10}.Release|Win32.Build.0 = Release|Win32
		{50C49177-675E-41EA-82A9-2BEF177F7B10}.Release|x64.ActiveCfg = Release|x64
		{50C49177-675E-41EA-82A9-2BEF177F7B10}.Release|x64.Build.0 = Release|x64
		{F1313256-5FC4-4935-AC80-FE9358D9140F}.Debug|Win32.ActiveCfg = Debug|Win32
		{F1313256-5FC4-4935-AC80-FE9358D9140F}.Debug|Win32.Build.0 = Debug|Win32
		{F1313256-5FC4-4935-AC80-FE9358D9140F}.Debug|x64.ActiveCfg = Debug|x64
		{F1313256-5FC4-4935-AC80-FE9358D9140F}.Debug|x64.Build.0 = Debug|x64
		{F1313256-5FC4-4935-AC80-FE9358D9140F}.Release|Win32.ActiveCfg = Release|Win32
		{F1313256-5FC4-4935-AC80-FE9358D9140F}.Release|Win32.Build.0 = Release|Win32
		{F1313256-5FC4-4935-AC80-FE9358D9140F}.Release|x64.ActiveCfg = Release|x64
		{F1313256-5FC4-4935-AC80-FE9358D9140F}.Release|x64.Build.0 = Release|x64
	EndGlobalSection
EndGlobal
